
Microsoft Visual Studio Solution File, Format Version 12.00
# Visual Studio Version 17
VisualStudioVersion = 17.3.32811.315
MinimumVisualStudioVersion = 10.0.40219.1
Project("{9A19103F-16F7-4668-BE54-9A1E7A4F7556}") = "MobileApp", "MobileApp\MobileApp.csproj", "{EE001862-27D9-4618-9B50-E5341FF95F58}"
EndProject
Project("{9A19103F-16F7-4668-BE54-9A1E7A4F7556}") = "WebApi", "WebApi\WebApi.csproj", "{DDDCAC63-223A-4A90-BD5B-D59C82BE9A1E}"
EndProject
Global
	GlobalSection(SolutionConfigurationPlatforms) = preSolution
		Debug|Any CPU = Debug|Any CPU
		Release|Any CPU = Release|Any CPU
	EndGlobalSection
	GlobalSection(ProjectConfigurationPlatforms) = postSolution
		{EE001862-27D9-4618-9B50-E5341FF95F58}.Debug|Any CPU.ActiveCfg = Debug|Any CPU
		{EE001862-27D9-4618-9B50-E5341FF95F58}.Debug|Any CPU.Build.0 = Debug|Any CPU
		{EE001862-27D9-4618-9B50-E5341FF95F58}.Debug|Any CPU.Deploy.0 = Debug|Any CPU
		{EE001862-27D9-4618-9B50-E5341FF95F58}.Release|Any CPU.ActiveCfg = Release|Any CPU
		{EE001862-27D9-4618-9B50-E5341FF95F58}.Release|Any CPU.Build.0 = Release|Any CPU
		{EE001862-27D9-4618-9B50-E5341FF95F58}.Release|Any CPU.Deploy.0 = Release|Any CPU
		{DDDCAC63-223A-4A90-BD5B-D59C82BE9A1E}.Debug|Any CPU.ActiveCfg = Debug|Any CPU
		{DDDCAC63-223A-4A90-BD5B-D59C82BE9A1E}.Debug|Any CPU.Build.0 = Debug|Any CPU
		{DDDCAC63-223A-4A90-BD5B-D59C82BE9A1E}.Release|Any CPU.ActiveCfg = Release|Any CPU
		{DDDCAC63-223A-4A90-BD5B-D59C82BE9A1E}.Release|Any CPU.Build.0 = Release|Any CPU
	EndGlobalSection
	GlobalSection(SolutionProperties) = preSolution
		HideSolutionNode = FALSE
	EndGlobalSection
	GlobalSection(ExtensibilityGlobals) = postSolution
		SolutionGuid = {5D1D3528-FE51-474D-98D2-8A19220FC1CD}
	EndGlobalSection
EndGlobal
